{
  "name": "changelog-generator",
  "version": "1.0.0",
  "lockfileVersion": 2,
  "requires": true,
  "packages": {
    "": {
      "version": "1.0.0",
      "license": "MIT OR Apache-2.0",
      "dependencies": {
        "@octokit/rest": "^18.3.2",
        "commander": "^7.1.0",
        "date-fns": "^2.18.0",
        "mustache": "^4.1.0",
        "prettier": "^2.2.1"
      }
    },
    "node_modules/@octokit/auth-token": {
      "version": "2.4.5",
      "resolved": "https://registry.npmjs.org/@octokit/auth-token/-/auth-token-2.4.5.tgz",
      "integrity": "sha512-BpGYsPgJt05M7/L/5FoE1PiAbdxXFZkX/3kDYcsvd1v6UhlnE5e96dTDr0ezX/EFwciQxf3cNV0loipsURU+WA==",
      "dependencies": {
        "@octokit/types": "^6.0.3"
      }
    },
    "node_modules/@octokit/core": {
      "version": "3.2.5",
      "resolved": "https://registry.npmjs.org/@octokit/core/-/core-3.2.5.tgz",
      "integrity": "sha512-+DCtPykGnvXKWWQI0E1XD+CCeWSBhB6kwItXqfFmNBlIlhczuDPbg+P6BtLnVBaRJDAjv+1mrUJuRsFSjktopg==",
      "dependencies": {
        "@octokit/auth-token": "^2.4.4",
        "@octokit/graphql": "^4.5.8",
        "@octokit/request": "^5.4.12",
        "@octokit/types": "^6.0.3",
        "before-after-hook": "^2.1.0",
        "universal-user-agent": "^6.0.0"
      }
    },
    "node_modules/@octokit/endpoint": {
      "version": "6.0.11",
      "resolved": "https://registry.npmjs.org/@octokit/endpoint/-/endpoint-6.0.11.tgz",
      "integrity": "sha512-fUIPpx+pZyoLW4GCs3yMnlj2LfoXTWDUVPTC4V3MUEKZm48W+XYpeWSZCv+vYF1ZABUm2CqnDVf1sFtIYrj7KQ==",
      "dependencies": {
        "@octokit/types": "^6.0.3",
        "is-plain-object": "^5.0.0",
        "universal-user-agent": "^6.0.0"
      }
    },
    "node_modules/@octokit/graphql": {
      "version": "4.6.0",
      "resolved": "https://registry.npmjs.org/@octokit/graphql/-/graphql-4.6.0.tgz",
      "integrity": "sha512-CJ6n7izLFXLvPZaWzCQDjU/RP+vHiZmWdOunaCS87v+2jxMsW9FB5ktfIxybRBxZjxuJGRnxk7xJecWTVxFUYQ==",
      "dependencies": {
        "@octokit/request": "^5.3.0",
        "@octokit/types": "^6.0.3",
        "universal-user-agent": "^6.0.0"
      }
    },
    "node_modules/@octokit/openapi-types": {
      "version": "5.2.2",
      "resolved": "https://registry.npmjs.org/@octokit/openapi-types/-/openapi-types-5.2.2.tgz",
      "integrity": "sha512-b3nHy/0uufJJsaZERwZM0syLRO6gfr6vvBPLewQxBKzzbhGDx1ygTyoELMNADD7mIPPzGMqbfdCeJTSeZueZwA=="
    },
    "node_modules/@octokit/plugin-paginate-rest": {
      "version": "2.11.0",
      "resolved": "https://registry.npmjs.org/@octokit/plugin-paginate-rest/-/plugin-paginate-rest-2.11.0.tgz",
      "integrity": "sha512-7L9xQank2G3r1dGqrVPo1z62V5utbykOUzlmNHPz87Pww/JpZQ9KyG5CHtUzgmB4n5iDRKYNK/86A8D98HP0yA==",
      "dependencies": {
        "@octokit/types": "^6.11.0"
      }
    },
    "node_modules/@octokit/plugin-request-log": {
      "version": "1.0.3",
      "resolved": "https://registry.npmjs.org/@octokit/plugin-request-log/-/plugin-request-log-1.0.3.tgz",
      "integrity": "sha512-4RFU4li238jMJAzLgAwkBAw+4Loile5haQMQr+uhFq27BmyJXcXSKvoQKqh0agsZEiUlW6iSv3FAgvmGkur7OQ=="
    },
    "node_modules/@octokit/plugin-rest-endpoint-methods": {
      "version": "4.13.2",
      "resolved": "https://registry.npmjs.org/@octokit/plugin-rest-endpoint-methods/-/plugin-rest-endpoint-methods-4.13.2.tgz",
      "integrity": "sha512-pnn0lGE05nqZ+EZuZgJBffJ4QRAlrlvg3LBFjCKHqUUWCI3PMqZ8kPJOxFj0R3B3D5hoGambtEIpCnaRD6nRJw==",
      "dependencies": {
        "@octokit/types": "^6.11.2",
        "deprecation": "^2.3.1"
      }
    },
    "node_modules/@octokit/request": {
      "version": "5.4.14",
      "resolved": "https://registry.npmjs.org/@octokit/request/-/request-5.4.14.tgz",
      "integrity": "sha512-VkmtacOIQp9daSnBmDI92xNIeLuSRDOIuplp/CJomkvzt7M18NXgG044Cx/LFKLgjKt9T2tZR6AtJayba9GTSA==",
      "dependencies": {
        "@octokit/endpoint": "^6.0.1",
        "@octokit/request-error": "^2.0.0",
        "@octokit/types": "^6.7.1",
        "deprecation": "^2.0.0",
        "is-plain-object": "^5.0.0",
        "node-fetch": "^2.6.1",
        "once": "^1.4.0",
        "universal-user-agent": "^6.0.0"
      }
    },
    "node_modules/@octokit/request-error": {
      "version": "2.0.5",
      "resolved": "https://registry.npmjs.org/@octokit/request-error/-/request-error-2.0.5.tgz",
      "integrity": "sha512-T/2wcCFyM7SkXzNoyVNWjyVlUwBvW3igM3Btr/eKYiPmucXTtkxt2RBsf6gn3LTzaLSLTQtNmvg+dGsOxQrjZg==",
      "dependencies": {
        "@octokit/types": "^6.0.3",
        "deprecation": "^2.0.0",
        "once": "^1.4.0"
      }
    },
    "node_modules/@octokit/rest": {
      "version": "18.3.2",
      "resolved": "https://registry.npmjs.org/@octokit/rest/-/rest-18.3.2.tgz",
      "integrity": "sha512-TSTI47/jLqdq8qvc/a/P/VApBal7QHeISPZ8a1v7ma8NN/YdU5HRTSCb15+IvzUeuM7Iagp0aG+ypvQXJgmgQw==",
      "dependencies": {
        "@octokit/core": "^3.2.3",
        "@octokit/plugin-paginate-rest": "^2.6.2",
        "@octokit/plugin-request-log": "^1.0.2",
        "@octokit/plugin-rest-endpoint-methods": "4.13.2"
      }
    },
    "node_modules/@octokit/types": {
      "version": "6.11.2",
      "resolved": "https://registry.npmjs.org/@octokit/types/-/types-6.11.2.tgz",
      "integrity": "sha512-EKQRFZU/oOfUlqk9ntLIE5UO/bcOx8exFpdXGBciJP90f05me3mza0sacIpqVqmiIQP3nJsBjnZHMmtijE5XwQ==",
      "dependencies": {
        "@octokit/openapi-types": "^5.2.2"
      }
    },
    "node_modules/before-after-hook": {
      "version": "2.1.1",
      "resolved": "https://registry.npmjs.org/before-after-hook/-/before-after-hook-2.1.1.tgz",
      "integrity": "sha512-5ekuQOvO04MDj7kYZJaMab2S8SPjGJbotVNyv7QYFCOAwrGZs/YnoDNlh1U+m5hl7H2D/+n0taaAV/tfyd3KMA=="
    },
    "node_modules/commander": {
      "version": "7.1.0",
      "resolved": "https://registry.npmjs.org/commander/-/commander-7.1.0.tgz",
      "integrity": "sha512-pRxBna3MJe6HKnBGsDyMv8ETbptw3axEdYHoqNh7gu5oDcew8fs0xnivZGm06Ogk8zGAJ9VX+OPEr2GXEQK4dg==",
      "engines": {
        "node": ">= 10"
      }
    },
    "node_modules/date-fns": {
      "version": "2.18.0",
      "resolved": "https://registry.npmjs.org/date-fns/-/date-fns-2.18.0.tgz",
      "integrity": "sha512-NYyAg4wRmGVU4miKq5ivRACOODdZRY3q5WLmOJSq8djyzftYphU7dTHLcEtLqEvfqMKQ0jVv91P4BAwIjsXIcw==",
      "engines": {
        "node": ">=0.11"
      }
    },
    "node_modules/deprecation": {
      "version": "2.3.1",
      "resolved": "https://registry.npmjs.org/deprecation/-/deprecation-2.3.1.tgz",
      "integrity": "sha512-xmHIy4F3scKVwMsQ4WnVaS8bHOx0DmVwRywosKhaILI0ywMDWPtBSku2HNxRvF7jtwDRsoEwYQSfbxj8b7RlJQ=="
    },
    "node_modules/is-plain-object": {
      "version": "5.0.0",
      "resolved": "https://registry.npmjs.org/is-plain-object/-/is-plain-object-5.0.0.tgz",
      "integrity": "sha512-VRSzKkbMm5jMDoKLbltAkFQ5Qr7VDiTFGXxYFXXowVj387GeGNOCsOH6Msy00SGZ3Fp84b1Naa1psqgcCIEP5Q==",
      "engines": {
        "node": ">=0.10.0"
      }
    },
    "node_modules/mustache": {
      "version": "4.1.0",
      "resolved": "https://registry.npmjs.org/mustache/-/mustache-4.1.0.tgz",
      "integrity": "sha512-0FsgP/WVq4mKyjolIyX+Z9Bd+3WS8GOwoUTyKXT5cTYMGeauNTi2HPCwERqseC1IHAy0Z7MDZnJBfjabd4O8GQ==",
      "bin": {
        "mustache": "bin/mustache"
      }
    },
    "node_modules/node-fetch": {
      "version": "2.6.1",
      "resolved": "https://registry.npmjs.org/node-fetch/-/node-fetch-2.6.1.tgz",
      "integrity": "sha512-V4aYg89jEoVRxRb2fJdAg8FHvI7cEyYdVAh94HH0UIK8oJxUfkjlDQN9RbMx+bEjP7+ggMiFRprSti032Oipxw==",
      "engines": {
        "node": "4.x || >=6.0.0"
      }
    },
    "node_modules/once": {
      "version": "1.4.0",
      "resolved": "https://registry.npmjs.org/once/-/once-1.4.0.tgz",
      "integrity": "sha1-WDsap3WWHUsROsF9nFC6753Xa9E=",
      "dependencies": {
        "wrappy": "1"
      }
    },
    "node_modules/prettier": {
      "version": "2.2.1",
      "resolved": "https://registry.npmjs.org/prettier/-/prettier-2.2.1.tgz",
      "integrity": "sha512-PqyhM2yCjg/oKkFPtTGUojv7gnZAoG80ttl45O6x2Ug/rMJw4wcc9k6aaf2hibP7BGVCCM33gZoGjyvt9mm16Q==",
      "bin": {
        "prettier": "bin-prettier.js"
      },
      "engines": {
        "node": ">=10.13.0"
      }
    },
    "node_modules/universal-user-agent": {
      "version": "6.0.0",
      "resolved": "https://registry.npmjs.org/universal-user-agent/-/universal-user-agent-6.0.0.tgz",
      "integrity": "sha512-isyNax3wXoKaulPDZWHQqbmIx1k2tb9fb3GGDBRxCscfYV2Ch7WxPArBsFEG8s/safwXTT7H4QGhaIkTp9447w=="
    },
    "node_modules/wrappy": {
      "version": "1.0.2",
      "resolved": "https://registry.npmjs.org/wrappy/-/wrappy-1.0.2.tgz",
      "integrity": "sha1-tSQ9jz7BqjXxNkYFvA0QNuMKtp8="
    }
  },
  "dependencies": {
    "@octokit/auth-token": {
      "version": "2.4.5",
      "resolved": "https://registry.npmjs.org/@octokit/auth-token/-/auth-token-2.4.5.tgz",
      "integrity": "sha512-BpGYsPgJt05M7/L/5FoE1PiAbdxXFZkX/3kDYcsvd1v6UhlnE5e96dTDr0ezX/EFwciQxf3cNV0loipsURU+WA==",
      "requires": {
        "@octokit/types": "^6.0.3"
      }
    },
    "@octokit/core": {
      "version": "3.2.5",
      "resolved": "https://registry.npmjs.org/@octokit/core/-/core-3.2.5.tgz",
      "integrity": "sha512-+DCtPykGnvXKWWQI0E1XD+CCeWSBhB6kwItXqfFmNBlIlhczuDPbg+P6BtLnVBaRJDAjv+1mrUJuRsFSjktopg==",
      "requires": {
        "@octokit/auth-token": "^2.4.4",
        "@octokit/graphql": "^4.5.8",
        "@octokit/request": "^5.4.12",
        "@octokit/types": "^6.0.3",
        "before-after-hook": "^2.1.0",
        "universal-user-agent": "^6.0.0"
      }
    },
    "@octokit/endpoint": {
      "version": "6.0.11",
      "resolved": "https://registry.npmjs.org/@octokit/endpoint/-/endpoint-6.0.11.tgz",
      "integrity": "sha512-fUIPpx+pZyoLW4GCs3yMnlj2LfoXTWDUVPTC4V3MUEKZm48W+XYpeWSZCv+vYF1ZABUm2CqnDVf1sFtIYrj7KQ==",
      "requires": {
        "@octokit/types": "^6.0.3",
        "is-plain-object": "^5.0.0",
        "universal-user-agent": "^6.0.0"
      }
    },
    "@octokit/graphql": {
      "version": "4.6.0",
      "resolved": "https://registry.npmjs.org/@octokit/graphql/-/graphql-4.6.0.tgz",
      "integrity": "sha512-CJ6n7izLFXLvPZaWzCQDjU/RP+vHiZmWdOunaCS87v+2jxMsW9FB5ktfIxybRBxZjxuJGRnxk7xJecWTVxFUYQ==",
      "requires": {
        "@octokit/request": "^5.3.0",
        "@octokit/types": "^6.0.3",
        "universal-user-agent": "^6.0.0"
      }
    },
    "@octokit/openapi-types": {
      "version": "5.2.2",
      "resolved": "https://registry.npmjs.org/@octokit/openapi-types/-/openapi-types-5.2.2.tgz",
      "integrity": "sha512-b3nHy/0uufJJsaZERwZM0syLRO6gfr6vvBPLewQxBKzzbhGDx1ygTyoELMNADD7mIPPzGMqbfdCeJTSeZueZwA=="
    },
    "@octokit/plugin-paginate-rest": {
      "version": "2.11.0",
      "resolved": "https://registry.npmjs.org/@octokit/plugin-paginate-rest/-/plugin-paginate-rest-2.11.0.tgz",
      "integrity": "sha512-7L9xQank2G3r1dGqrVPo1z62V5utbykOUzlmNHPz87Pww/JpZQ9KyG5CHtUzgmB4n5iDRKYNK/86A8D98HP0yA==",
      "requires": {
        "@octokit/types": "^6.11.0"
      }
    },
    "@octokit/plugin-request-log": {
      "version": "1.0.3",
      "resolved": "https://registry.npmjs.org/@octokit/plugin-request-log/-/plugin-request-log-1.0.3.tgz",
      "integrity": "sha512-4RFU4li238jMJAzLgAwkBAw+4Loile5haQMQr+uhFq27BmyJXcXSKvoQKqh0agsZEiUlW6iSv3FAgvmGkur7OQ=="
    },
    "@octokit/plugin-rest-endpoint-methods": {
      "version": "4.13.2",
      "resolved": "https://registry.npmjs.org/@octokit/plugin-rest-endpoint-methods/-/plugin-rest-endpoint-methods-4.13.2.tgz",
      "integrity": "sha512-pnn0lGE05nqZ+EZuZgJBffJ4QRAlrlvg3LBFjCKHqUUWCI3PMqZ8kPJOxFj0R3B3D5hoGambtEIpCnaRD6nRJw==",
      "requires": {
        "@octokit/types": "^6.11.2",
        "deprecation": "^2.3.1"
      }
    },
    "@octokit/request": {
      "version": "5.4.14",
      "resolved": "https://registry.npmjs.org/@octokit/request/-/request-5.4.14.tgz",
      "integrity": "sha512-VkmtacOIQp9daSnBmDI92xNIeLuSRDOIuplp/CJomkvzt7M18NXgG044Cx/LFKLgjKt9T2tZR6AtJayba9GTSA==",
      "requires": {
        "@octokit/endpoint": "^6.0.1",
        "@octokit/request-error": "^2.0.0",
        "@octokit/types": "^6.7.1",
        "deprecation": "^2.0.0",
        "is-plain-object": "^5.0.0",
        "node-fetch": "^2.6.1",
        "once": "^1.4.0",
        "universal-user-agent": "^6.0.0"
      }
    },
    "@octokit/request-error": {
      "version": "2.0.5",
      "resolved": "https://registry.npmjs.org/@octokit/request-error/-/request-error-2.0.5.tgz",
      "integrity": "sha512-T/2wcCFyM7SkXzNoyVNWjyVlUwBvW3igM3Btr/eKYiPmucXTtkxt2RBsf6gn3LTzaLSLTQtNmvg+dGsOxQrjZg==",
      "requires": {
        "@octokit/types": "^6.0.3",
        "deprecation": "^2.0.0",
        "once": "^1.4.0"
      }
    },
    "@octokit/rest": {
      "version": "18.3.2",
      "resolved": "https://registry.npmjs.org/@octokit/rest/-/rest-18.3.2.tgz",
      "integrity": "sha512-TSTI47/jLqdq8qvc/a/P/VApBal7QHeISPZ8a1v7ma8NN/YdU5HRTSCb15+IvzUeuM7Iagp0aG+ypvQXJgmgQw==",
      "requires": {
        "@octokit/core": "^3.2.3",
        "@octokit/plugin-paginate-rest": "^2.6.2",
        "@octokit/plugin-request-log": "^1.0.2",
        "@octokit/plugin-rest-endpoint-methods": "4.13.2"
      }
    },
    "@octokit/types": {
      "version": "6.11.2",
      "resolved": "https://registry.npmjs.org/@octokit/types/-/types-6.11.2.tgz",
      "integrity": "sha512-EKQRFZU/oOfUlqk9ntLIE5UO/bcOx8exFpdXGBciJP90f05me3mza0sacIpqVqmiIQP3nJsBjnZHMmtijE5XwQ==",
      "requires": {
        "@octokit/openapi-types": "^5.2.2"
      }
    },
    "before-after-hook": {
      "version": "2.1.1",
      "resolved": "https://registry.npmjs.org/before-after-hook/-/before-after-hook-2.1.1.tgz",
      "integrity": "sha512-5ekuQOvO04MDj7kYZJaMab2S8SPjGJbotVNyv7QYFCOAwrGZs/YnoDNlh1U+m5hl7H2D/+n0taaAV/tfyd3KMA=="
    },
    "commander": {
      "version": "7.1.0",
      "resolved": "https://registry.npmjs.org/commander/-/commander-7.1.0.tgz",
      "integrity": "sha512-pRxBna3MJe6HKnBGsDyMv8ETbptw3axEdYHoqNh7gu5oDcew8fs0xnivZGm06Ogk8zGAJ9VX+OPEr2GXEQK4dg=="
    },
    "date-fns": {
      "version": "2.18.0",
      "resolved": "https://registry.npmjs.org/date-fns/-/date-fns-2.18.0.tgz",
      "integrity": "sha512-NYyAg4wRmGVU4miKq5ivRACOODdZRY3q5WLmOJSq8djyzftYphU7dTHLcEtLqEvfqMKQ0jVv91P4BAwIjsXIcw=="
    },
    "deprecation": {
      "version": "2.3.1",
      "resolved": "https://registry.npmjs.org/deprecation/-/deprecation-2.3.1.tgz",
      "integrity": "sha512-xmHIy4F3scKVwMsQ4WnVaS8bHOx0DmVwRywosKhaILI0ywMDWPtBSku2HNxRvF7jtwDRsoEwYQSfbxj8b7RlJQ=="
    },
    "is-plain-object": {
      "version": "5.0.0",
      "resolved": "https://registry.npmjs.org/is-plain-object/-/is-plain-object-5.0.0.tgz",
      "integrity": "sha512-VRSzKkbMm5jMDoKLbltAkFQ5Qr7VDiTFGXxYFXXowVj387GeGNOCsOH6Msy00SGZ3Fp84b1Naa1psqgcCIEP5Q=="
    },
    "mustache": {
      "version": "4.1.0",
      "resolved": "https://registry.npmjs.org/mustache/-/mustache-4.1.0.tgz",
      "integrity": "sha512-0FsgP/WVq4mKyjolIyX+Z9Bd+3WS8GOwoUTyKXT5cTYMGeauNTi2HPCwERqseC1IHAy0Z7MDZnJBfjabd4O8GQ=="
    },
    "node-fetch": {
      "version": "2.6.1",
      "resolved": "https://registry.npmjs.org/node-fetch/-/node-fetch-2.6.1.tgz",
      "integrity": "sha512-V4aYg89jEoVRxRb2fJdAg8FHvI7cEyYdVAh94HH0UIK8oJxUfkjlDQN9RbMx+bEjP7+ggMiFRprSti032Oipxw=="
    },
    "once": {
      "version": "1.4.0",
      "resolved": "https://registry.npmjs.org/once/-/once-1.4.0.tgz",
      "integrity": "sha1-WDsap3WWHUsROsF9nFC6753Xa9E=",
      "requires": {
        "wrappy": "1"
      }
    },
    "prettier": {
      "version": "2.2.1",
      "resolved": "https://registry.npmjs.org/prettier/-/prettier-2.2.1.tgz",
      "integrity": "sha512-PqyhM2yCjg/oKkFPtTGUojv7gnZAoG80ttl45O6x2Ug/rMJw4wcc9k6aaf2hibP7BGVCCM33gZoGjyvt9mm16Q=="
    },
    "universal-user-agent": {
      "version": "6.0.0",
      "resolved": "https://registry.npmjs.org/universal-user-agent/-/universal-user-agent-6.0.0.tgz",
      "integrity": "sha512-isyNax3wXoKaulPDZWHQqbmIx1k2tb9fb3GGDBRxCscfYV2Ch7WxPArBsFEG8s/safwXTT7H4QGhaIkTp9447w=="
    },
    "wrappy": {
      "version": "1.0.2",
      "resolved": "https://registry.npmjs.org/wrappy/-/wrappy-1.0.2.tgz",
      "integrity": "sha1-tSQ9jz7BqjXxNkYFvA0QNuMKtp8="
    }
  }
}
